{
  "requires": true,
  "lockfileVersion": 1,
  "dependencies": {
    "@angular-material-components/datetime-picker": {
      "version": "6.0.3",
      "resolved": "https://registry.npmjs.org/@angular-material-components/datetime-picker/-/datetime-picker-6.0.3.tgz",
      "integrity": "sha512-Pc11woDH0leghqhvqRDKy4/bk3sdYV8f7IJO8om50YTeF2/y9+RfQinxL1JTaojdJ/PBeyGTJlsK3wdxjVZ0cA==",
      "requires": {
        "tslib": "^2.1.0"
      },
      "dependencies": {
        "tslib": {
          "version": "2.3.1",
          "resolved": "https://registry.npmjs.org/tslib/-/tslib-2.3.1.tgz",
          "integrity": "sha512-77EbyPPpMz+FRFRuAFlWMtmgUWGe9UOG2Z25NqCwiIjRhOf5iKGuzSe5P2w1laq+FkRy4p+PCuVkJSGkzTEKVw=="
        }
      }
    }
  }
}
